
Microsoft Visual Studio Solution File, Format Version 12.00
# Visual Studio Version 17
VisualStudioVersion = 17.5.33516.290
MinimumVisualStudioVersion = 10.0.40219.1
Project("{FAE04EC0-301F-11D3-BF4B-00C04F79EFBC}") = "LeQuyetTienMidterm2", "LeQuyetTienMidterm2\LeQuyetTienMidterm2.csproj", "{407B9E04-0321-4E48-A4F8-91B58F31EFBF}"
EndProject
Global
	GlobalSection(SolutionConfigurationPlatforms) = preSolution
		Debug|Any CPU = Debug|Any CPU
		Release|Any CPU = Release|Any CPU
	EndGlobalSection
	GlobalSection(ProjectConfigurationPlatforms) = postSolution
		{407B9E04-0321-4E48-A4F8-91B58F31EFBF}.Debug|Any CPU.ActiveCfg = Debug|Any CPU
		{407B9E04-0321-4E48-A4F8-91B58F31EFBF}.Debug|Any CPU.Build.0 = Debug|Any CPU
		{407B9E04-0321-4E48-A4F8-91B58F31EFBF}.Release|Any CPU.ActiveCfg = Release|Any CPU
		{407B9E04-0321-4E48-A4F8-91B58F31EFBF}.Release|Any CPU.Build.0 = Release|Any CPU
	EndGlobalSection
	GlobalSection(SolutionProperties) = preSolution
		HideSolutionNode = FALSE
	EndGlobalSection
	GlobalSection(ExtensibilityGlobals) = postSolution
		SolutionGuid = {0BE04F48-15EC-42CB-B6C0-C537B69AEF77}
	EndGlobalSection
EndGlobal
